// !$*UTF8*$!
{
	archiveVersion = 1;
	classes = {
	};
	objectVersion = 55;
	objects = {

/* Begin PBXBuildFile section */
		BDD9CDCF2887596F000FF222 /* AppDelegate.swift in Sources */ = {isa = PBXBuildFile; fileRef = BDD9CDCE2887596F000FF222 /* AppDelegate.swift */; };
		BDD9CDD12887596F000FF222 /* SceneDelegate.swift in Sources */ = {isa = PBXBuildFile; fileRef = BDD9CDD02887596F000FF222 /* SceneDelegate.swift */; };
		BDD9CDD32887596F000FF222 /* ViewController.swift in Sources */ = {isa = PBXBuildFile; fileRef = BDD9CDD22887596F000FF222 /* ViewController.swift */; };
		BDD9CDD62887596F000FF222 /* Main.storyboard in Resources */ = {isa = PBXBuildFile; fileRef = BDD9CDD42887596F000FF222 /* Main.storyboard */; };
		BDD9CDD92887596F000FF222 /* addTrashFeature.xcdatamodeld in Sources */ = {isa = PBXBuildFile; fileRef = BDD9CDD72887596F000FF222 /* addTrashFeature.xcdatamodeld */; };
		BDD9CDDB28875970000FF222 /* Assets.xcassets in Resources */ = {isa = PBXBuildFile; fileRef = BDD9CDDA28875970000FF222 /* Assets.xcassets */; };
		BDD9CDDE28875970000FF222 /* LaunchScreen.storyboard in Resources */ = {isa = PBXBuildFile; fileRef = BDD9CDDC28875970000FF222 /* LaunchScreen.storyboard */; };
		BDD9CDE628875B39000FF222 /* addTrashViewController.swift in Sources */ = {isa = PBXBuildFile; fileRef = BDD9CDE528875B39000FF222 /* addTrashViewController.swift */; };
		BDD9CDE828875E56000FF222 /* listTrashTableViewController.swift in Sources */ = {isa = PBXBuildFile; fileRef = BDD9CDE728875E56000FF222 /* listTrashTableViewController.swift */; };
/* End PBXBuildFile section */

/* Begin PBXFileReference section */
		BDD9CDCB2887596F000FF222 /* addTrashFeature.app */ = {isa = PBXFileReference; explicitFileType = wrapper.application; includeInIndex = 0; path = addTrashFeature.app; sourceTree = BUILT_PRODUCTS_DIR; };
		BDD9CDCE2887596F000FF222 /* AppDelegate.swift */ = {isa = PBXFileReference; lastKnownFileType = sourcecode.swift; path = AppDelegate.swift; sourceTree = "<group>"; };
		BDD9CDD02887596F000FF222 /* SceneDelegate.swift */ = {isa = PBXFileReference; lastKnownFileType = sourcecode.swift; path = SceneDelegate.swift; sourceTree = "<group>"; };
		BDD9CDD22887596F000FF222 /* ViewController.swift */ = {isa = PBXFileReference; lastKnownFileType = sourcecode.swift; path = ViewController.swift; sourceTree = "<group>"; };
		BDD9CDD52887596F000FF222 /* Base */ = {isa = PBXFileReference; lastKnownFileType = file.storyboard; name = Base; path = Base.lproj/Main.storyboard; sourceTree = "<group>"; };
		BDD9CDD82887596F000FF222 /* addTrashFeature.xcdatamodel */ = {isa = PBXFileReference; lastKnownFileType = wrapper.xcdatamodel; path = addTrashFeature.xcdatamodel; sourceTree = "<group>"; };
		BDD9CDDA28875970000FF222 /* Assets.xcassets */ = {isa = PBXFileReference; lastKnownFileType = folder.assetcatalog; path = Assets.xcassets; sourceTree = "<group>"; };
		BDD9CDDD28875970000FF222 /* Base */ = {isa = PBXFileReference; lastKnownFileType = file.storyboard; name = Base; path = Base.lproj/LaunchScreen.storyboard; sourceTree = "<group>"; };
		BDD9CDDF28875970000FF222 /* Info.plist */ = {isa = PBXFileReference; lastKnownFileType = text.plist.xml; path = Info.plist; sourceTree = "<group>"; };
		BDD9CDE528875B39000FF222 /* addTrashViewController.swift */ = {isa = PBXFileReference; lastKnownFileType = sourcecode.swift; path = addTrashViewController.swift; sourceTree = "<group>"; };
		BDD9CDE728875E56000FF222 /* listTrashTableViewController.swift */ = {isa = PBXFileReference; lastKnownFileType = sourcecode.swift; path = listTrashTableViewController.swift; sourceTree = "<group>"; };
/* End PBXFileReference section */

/* Begin PBXFrameworksBuildPhase section */
		BDD9CDC82887596F000FF222 /* Frameworks */ = {
			isa = PBXFrameworksBuildPhase;
			buildActionMask = 2147483647;
			files = (
			);
			runOnlyForDeploymentPostprocessing = 0;
		};
/* End PBXFrameworksBuildPhase section */

/* Begin PBXGroup section */
		BDD9CDC22887596F000FF222 = {
			isa = PBXGroup;
			children = (
				BDD9CDE728875E56000FF222 /* listTrashTableViewController.swift */,
				BDD9CDCD2887596F000FF222 /* addTrashFeature */,
				BDD9CDCC2887596F000FF222 /* Products */,
			);
			sourceTree = "<group>";
		};
		BDD9CDCC2887596F000FF222 /* Products */ = {
			isa = PBXGroup;
			children = (
				BDD9CDCB2887596F000FF222 /* addTrashFeature.app */,
			);
			name = Products;
			sourceTree = "<group>";
		};
		BDD9CDCD2887596F000FF222 /* addTrashFeature */ = {
			isa = PBXGroup;
			children = (
				BDD9CDCE2887596F000FF222 /* AppDelegate.swift */,
				BDD9CDD02887596F000FF222 /* SceneDelegate.swift */,
				BDD9CDD22887596F000FF222 /* ViewController.swift */,
				BDD9CDE528875B39000FF222 /* addTrashViewController.swift */,
				BDD9CDD42887596F000FF222 /* Main.storyboard */,
				BDD9CDDA28875970000FF222 /* Assets.xcassets */,
				BDD9CDDC28875970000FF222 /* LaunchScreen.storyboard */,
				BDD9CDDF28875970000FF222 /* Info.plist */,
				BDD9CDD72887596F000FF222 /* addTrashFeature.xcdatamodeld */,
			);
			path = addTrashFeature;
			sourceTree = "<group>";
		};
/* End PBXGroup section */

/* Begin PBXNativeTarget section */
		BDD9CDCA2887596F000FF222 /* addTrashFeature */ = {
			isa = PBXNativeTarget;
			buildConfigurationList = BDD9CDE228875970000FF222 /* Build configuration list for PBXNativeTarget "addTrashFeature" */;
			buildPhases = (
				BDD9CDC72887596F000FF222 /* Sources */,
				BDD9CDC82887596F000FF222 /* Frameworks */,
				BDD9CDC92887596F000FF222 /* Resources */,
			);
			buildRules = (
			);
			dependencies = (
			);
			name = addTrashFeature;
			productName = addTrashFeature;
			productReference = BDD9CDCB2887596F000FF222 /* addTrashFeature.app */;
			productType = "com.apple.product-type.application";
		};
/* End PBXNativeTarget section */

/* Begin PBXProject section */
		BDD9CDC32887596F000FF222 /* Project object */ = {
			isa = PBXProject;
			attributes = {
				BuildIndependentTargetsInParallel = 1;
				LastSwiftUpdateCheck = 1340;
				LastUpgradeCheck = 1340;
				TargetAttributes = {
					BDD9CDCA2887596F000FF222 = {
						CreatedOnToolsVersion = 13.4.1;
					};
				};
			};
			buildConfigurationList = BDD9CDC62887596F000FF222 /* Build configuration list for PBXProject "addTrashFeature" */;
			compatibilityVersion = "Xcode 13.0";
			developmentRegion = en;
			hasScannedForEncodings = 0;
			knownRegions = (
				en,
				Base,
			);
			mainGroup = BDD9CDC22887596F000FF222;
			productRefGroup = BDD9CDCC2887596F000FF222 /* Products */;
			projectDirPath = "";
			projectRoot = "";
			targets = (
				BDD9CDCA2887596F000FF222 /* addTrashFeature */,
			);
		};
/* End PBXProject section */

/* Begin PBXResourcesBuildPhase section */
		BDD9CDC92887596F000FF222 /* Resources */ = {
			isa = PBXResourcesBuildPhase;
			buildActionMask = 2147483647;
			files = (
				BDD9CDDE28875970000FF222 /* LaunchScreen.storyboard in Resources */,
				BDD9CDDB28875970000FF222 /* Assets.xcassets in Resources */,
				BDD9CDD62887596F000FF222 /* Main.storyboard in Resources */,
			);
			runOnlyForDeploymentPostprocessing = 0;
		};
/* End PBXResourcesBuildPhase section */

/* Begin PBXSourcesBuildPhase section */
		BDD9CDC72887596F000FF222 /* Sources */ = {
			isa = PBXSourcesBuildPhase;
			buildActionMask = 2147483647;
			files = (
				BDD9CDE828875E56000FF222 /* listTrashTableViewController.swift in Sources */,
				BDD9CDE628875B39000FF222 /* addTrashViewController.swift in Sources */,
				BDD9CDD32887596F000FF222 /* ViewController.swift in Sources */,
				BDD9CDCF2887596F000FF222 /* AppDelegate.swift in Sources */,
				BDD9CDD12887596F000FF222 /* SceneDelegate.swift in Sources */,
				BDD9CDD92887596F000FF222 /* addTrashFeature.xcdatamodeld in Sources */,
			);
			runOnlyForDeploymentPostprocessing = 0;
		};
/* End PBXSourcesBuildPhase section */

/* Begin PBXVariantGroup section */
		BDD9CDD42887596F000FF222 /* Main.storyboard */ = {
			isa = PBXVariantGroup;
			children = (
				BDD9CDD52887596F000FF222 /* Base */,
			);
			name = Main.storyboard;
			sourceTree = "<group>";
		};
		BDD9CDDC28875970000FF222 /* LaunchScreen.storyboard */ = {
			isa = PBXVariantGroup;
			children = (
				BDD9CDDD28875970000FF222 /* Base */,
			);
			name = LaunchScreen.storyboard;
			sourceTree = "<group>";
		};
/* End PBXVariantGroup section */

/* Begin XCBuildConfiguration section */
		BDD9CDE028875970000FF222 /* Debug */ = {
			isa = XCBuildConfiguration;
			buildSettings = {
				ALWAYS_SEARCH_USER_PATHS = NO;
				CLANG_ANALYZER_NONNULL = YES;
				CLANG_ANALYZER_NUMBER_OBJECT_CONVERSION = YES_AGGRESSIVE;
				CLANG_CXX_LANGUAGE_STANDARD = "gnu++17";
				CLANG_ENABLE_MODULES = YES;
				CLANG_ENABLE_OBJC_ARC = YES;
				CLANG_ENABLE_OBJC_WEAK = YES;
				CLANG_WARN_BLOCK_CAPTURE_AUTORELEASING = YES;
				CLANG_WARN_BOOL_CONVERSION = YES;
				CLANG_WARN_COMMA = YES;
				CLANG_WARN_CONSTANT_CONVERSION = YES;
				CLANG_WARN_DEPRECATED_OBJC_IMPLEMENTATIONS = YES;
				CLANG_WARN_DIRECT_OBJC_ISA_USAGE = YES_ERROR;
				CLANG_WARN_DOCUMENTATION_COMMENTS = YES;
				CLANG_WARN_EMPTY_BODY = YES;
				CLANG_WARN_ENUM_CONVERSION = YES;
				CLANG_WARN_INFINITE_RECURSION = YES;
				CLANG_WARN_INT_CONVERSION = YES;
				CLANG_WARN_NON_LITERAL_NULL_CONVERSION = YES;
				CLANG_WARN_OBJC_IMPLICIT_RETAIN_SELF = YES;
				CLANG_WARN_OBJC_LITERAL_CONVERSION = YES;
				CLANG_WARN_OBJC_ROOT_CLASS = YES_ERROR;
				CLANG_WARN_QUOTED_INCLUDE_IN_FRAMEWORK_HEADER = YES;
				CLANG_WARN_RANGE_LOOP_ANALYSIS = YES;
				CLANG_WARN_STRICT_PROTOTYPES = YES;
				CLANG_WARN_SUSPICIOUS_MOVE = YES;
				CLANG_WARN_UNGUARDED_AVAILABILITY = YES_AGGRESSIVE;
				CLANG_WARN_UNREACHABLE_CODE = YES;
				CLANG_WARN__DUPLICATE_METHOD_MATCH = YES;
				COPY_PHASE_STRIP = NO;
				DEBUG_INFORMATION_FORMAT = dwarf;
				ENABLE_STRICT_OBJC_MSGSEND = YES;
				ENABLE_TESTABILITY = YES;
				GCC_C_LANGUAGE_STANDARD = gnu11;
				GCC_DYNAMIC_NO_PIC = NO;
				GCC_NO_COMMON_BLOCKS = YES;
				GCC_OPTIMIZATION_LEVEL = 0;
				GCC_PREPROCESSOR_DEFINITIONS = (
					"DEBUG=1",
					"$(inherited)",
				);
				GCC_WARN_64_TO_32_BIT_CONVERSION = YES;
				GCC_WARN_ABOUT_RETURN_TYPE = YES_ERROR;
				GCC_WARN_UNDECLARED_SELECTOR = YES;
				GCC_WARN_UNINITIALIZED_AUTOS = YES_AGGRESSIVE;
				GCC_WARN_UNUSED_FUNCTION = YES;
				GCC_WARN_UNUSED_VARIABLE = YES;
				IPHONEOS_DEPLOYMENT_TARGET = 15.5;
				MTL_ENABLE_DEBUG_INFO = INCLUDE_SOURCE;
				MTL_FAST_MATH = YES;
				ONLY_ACTIVE_ARCH = YES;
				SDKROOT = iphoneos;
				SWIFT_ACTIVE_COMPILATION_CONDITIONS = DEBUG;
				SWIFT_OPTIMIZATION_LEVEL = "-Onone";
			};
			name = Debug;
		};
		BDD9CDE128875970000FF222 /* Release */ = {
			isa = XCBuildConfiguration;
			buildSettings = {
				ALWAYS_SEARCH_USER_PATHS = NO;
				CLANG_ANALYZER_NONNULL = YES;
				CLANG_ANALYZER_NUMBER_OBJECT_CONVERSION = YES_AGGRESSIVE;
				CLANG_CXX_LANGUAGE_STANDARD = "gnu++17";
				CLANG_ENABLE_MODULES = YES;
				CLANG_ENABLE_OBJC_ARC = YES;
				CLANG_ENABLE_OBJC_WEAK = YES;
				CLANG_WARN_BLOCK_CAPTURE_AUTORELEASING = YES;
				CLANG_WARN_BOOL_CONVERSION = YES;
				CLANG_WARN_COMMA = YES;
				CLANG_WARN_CONSTANT_CONVERSION = YES;
				CLANG_WARN_DEPRECATED_OBJC_IMPLEMENTATIONS = YES;
				CLANG_WARN_DIRECT_OBJC_ISA_USAGE = YES_ERROR;
				CLANG_WARN_DOCUMENTATION_COMMENTS = YES;
				CLANG_WARN_EMPTY_BODY = YES;
				CLANG_WARN_ENUM_CONVERSION = YES;
				CLANG_WARN_INFINITE_RECURSION = YES;
				CLANG_WARN_INT_CONVERSION = YES;
				CLANG_WARN_NON_LITERAL_NULL_CONVERSION = YES;
				CLANG_WARN_OBJC_IMPLICIT_RETAIN_SELF = YES;
				CLANG_WARN_OBJC_LITERAL_CONVERSION = YES;
				CLANG_WARN_OBJC_ROOT_CLASS = YES_ERROR;
				CLANG_WARN_QUOTED_INCLUDE_IN_FRAMEWORK_HEADER = YES;
				CLANG_WARN_RANGE_LOOP_ANALYSIS = YES;
				CLANG_WARN_STRICT_PROTOTYPES = YES;
				CLANG_WARN_SUSPICIOUS_MOVE = YES;
				CLANG_WARN_UNGUARDED_AVAILABILITY = YES_AGGRESSIVE;
				CLANG_WARN_UNREACHABLE_CODE = YES;
				CLANG_WARN__DUPLICATE_METHOD_MATCH = YES;
				COPY_PHASE_STRIP = NO;
				DEBUG_INFORMATION_FORMAT = "dwarf-with-dsym";
				ENABLE_NS_ASSERTIONS = NO;
				ENABLE_STRICT_OBJC_MSGSEND = YES;
				GCC_C_LANGUAGE_STANDARD = gnu11;
				GCC_NO_COMMON_BLOCKS = YES;
				GCC_WARN_64_TO_32_BIT_CONVERSION = YES;
				GCC_WARN_ABOUT_RETURN_TYPE = YES_ERROR;
				GCC_WARN_UNDECLARED_SELECTOR = YES;
				GCC_WARN_UNINITIALIZED_AUTOS = YES_AGGRESSIVE;
				GCC_WARN_UNUSED_FUNCTION = YES;
				GCC_WARN_UNUSED_VARIABLE = YES;
				IPHONEOS_DEPLOYMENT_TARGET = 15.5;
				MTL_ENABLE_DEBUG_INFO = NO;
				MTL_FAST_MATH = YES;
				SDKROOT = iphoneos;
				SWIFT_COMPILATION_MODE = wholemodule;
				SWIFT_OPTIMIZATION_LEVEL = "-O";
				VALIDATE_PRODUCT = YES;
			};
			name = Release;
		};
		BDD9CDE328875970000FF222 /* Debug */ = {
			isa = XCBuildConfiguration;
			buildSettings = {
				ASSETCATALOG_COMPILER_APPICON_NAME = AppIcon;
				ASSETCATALOG_COMPILER_GLOBAL_ACCENT_COLOR_NAME = AccentColor;
				CODE_SIGN_STYLE = Automatic;
				CURRENT_PROJECT_VERSION = 1;
				GENERATE_INFOPLIST_FILE = YES;
				INFOPLIST_FILE = addTrashFeature/Info.plist;
				INFOPLIST_KEY_UIApplicationSupportsIndirectInputEvents = YES;
				INFOPLIST_KEY_UILaunchStoryboardName = LaunchScreen;
				INFOPLIST_KEY_UIMainStoryboardFile = Main;
				INFOPLIST_KEY_UISupportedInterfaceOrientations_iPad = "UIInterfaceOrientationPortrait UIInterfaceOrientationPortraitUpsideDown UIInterfaceOrientationLandscapeLeft UIInterfaceOrientationLandscapeRight";
				INFOPLIST_KEY_UISupportedInterfaceOrientations_iPhone = "UIInterfaceOrientationPortrait UIInterfaceOrientationLandscapeLeft UIInterfaceOrientationLandscapeRight";
				LD_RUNPATH_SEARCH_PATHS = (
					"$(inherited)",
					"@executable_path/Frameworks",
				);
				MARKETING_VERSION = 1.0;
				PRODUCT_BUNDLE_IDENTIFIER = aliwaih.addTrashFeature;
				PRODUCT_NAME = "$(TARGET_NAME)";
				SWIFT_EMIT_LOC_STRINGS = YES;
				SWIFT_VERSION = 5.0;
				TARGETED_DEVICE_FAMILY = "1,2";
			};
			name = Debug;
		};
		BDD9CDE428875970000FF222 /* Release */ = {
			isa = XCBuildConfiguration;
			buildSettings = {
				ASSETCATALOG_COMPILER_APPICON_NAME = AppIcon;
				ASSETCATALOG_COMPILER_GLOBAL_ACCENT_COLOR_NAME = AccentColor;
				CODE_SIGN_STYLE = Automatic;
				CURRENT_PROJECT_VERSION = 1;
				GENERATE_INFOPLIST_FILE = YES;
				INFOPLIST_FILE = addTrashFeature/Info.plist;
				INFOPLIST_KEY_UIApplicationSupportsIndirectInputEvents = YES;
				INFOPLIST_KEY_UILaunchStoryboardName = LaunchScreen;
				INFOPLIST_KEY_UIMainStoryboardFile = Main;
				INFOPLIST_KEY_UISupportedInterfaceOrientations_iPad = "UIInterfaceOrientationPortrait UIInterfaceOrientationPortraitUpsideDown UIInterfaceOrientationLandscapeLeft UIInterfaceOrientationLandscapeRight";
				INFOPLIST_KEY_UISupportedInterfaceOrientations_iPhone = "UIInterfaceOrientationPortrait UIInterfaceOrientationLandscapeLeft UIInterfaceOrientationLandscapeRight";
				LD_RUNPATH_SEARCH_PATHS = (
					"$(inherited)",
					"@executable_path/Frameworks",
				);
				MARKETING_VERSION = 1.0;
				PRODUCT_BUNDLE_IDENTIFIER = aliwaih.addTrashFeature;
				PRODUCT_NAME = "$(TARGET_NAME)";
				SWIFT_EMIT_LOC_STRINGS = YES;
				SWIFT_VERSION = 5.0;
				TARGETED_DEVICE_FAMILY = "1,2";
			};
			name = Release;
		};
/* End XCBuildConfiguration section */

/* Begin XCConfigurationList section */
		BDD9CDC62887596F000FF222 /* Build configuration list for PBXProject "addTrashFeature" */ = {
			isa = XCConfigurationList;
			buildConfigurations = (
				BDD9CDE028875970000FF222 /* Debug */,
				BDD9CDE128875970000FF222 /* Release */,
			);
			defaultConfigurationIsVisible = 0;
			defaultConfigurationName = Release;
		};
		BDD9CDE228875970000FF222 /* Build configuration list for PBXNativeTarget "addTrashFeature" */ = {
			isa = XCConfigurationList;
			buildConfigurations = (
				BDD9CDE328875970000FF222 /* Debug */,
				BDD9CDE428875970000FF222 /* Release */,
			);
			defaultConfigurationIsVisible = 0;
			defaultConfigurationName = Release;
		};
/* End XCConfigurationList section */

/* Begin XCVersionGroup section */
		BDD9CDD72887596F000FF222 /* addTrashFeature.xcdatamodeld */ = {
			isa = XCVersionGroup;
			children = (
				BDD9CDD82887596F000FF222 /* addTrashFeature.xcdatamodel */,
			);
			currentVersion = BDD9CDD82887596F000FF222 /* addTrashFeature.xcdatamodel */;
			path = addTrashFeature.xcdatamodeld;
			sourceTree = "<group>";
			versionGroupType = wrapper.xcdatamodel;
		};
/* End XCVersionGroup section */
	};
	rootObject = BDD9CDC32887596F000FF222 /* Project object */;
}
